# This file was autogenerated by Stack.
# You should not edit this file by hand.
# For more information, please see the documentation at:
#   https://docs.haskellstack.org/en/stable/lock_files

packages: []
snapshots:
- completed:
    size: 408187
    url: https://raw.githubusercontent.com/commercialhaskell/stackage-snapshots/master/nightly/2019/10/28.yaml
    sha256: aa82d74a05cfa89042d685cc501f9aeec3e0f36b9da97edd986308c8029bd506
  original: nightly-2019-10-28
